{
  "name": "rollup-math-test",
  "version": "1.0.0",
  "lockfileVersion": 1,
  "requires": true,
  "dependencies": {
    "@klequis/rollup-math-ex": {
      "version": "0.0.8",
      "resolved": "https://registry.npmjs.org/@klequis/rollup-math-ex/-/rollup-math-ex-0.0.8.tgz",
      "integrity": "sha512-y/U6iyeu0aDeKZQU0D/4k2gfVDhUE+0oUYYyQJ2qq4UjFzEpeVNktkts6kp5jTtJYk6YrBUu4U9c1n6FJOj7iQ=="
    }
  }
}
